
Microsoft Visual Studio Solution File, Format Version 12.00
# Visual Studio Version 16
VisualStudioVersion = 16.0.30611.23
MinimumVisualStudioVersion = 10.0.40219.1
Project("{FAE04EC0-301F-11D3-BF4B-00C04F79EFBC}") = "Client-Management", "Client-Management\Client-Management.csproj", "{BDD4A516-E93D-4D27-AEDC-ADD44EC27A8F}"
EndProject
Global
	GlobalSection(SolutionConfigurationPlatforms) = preSolution
		Debug|Any CPU = Debug|Any CPU
		Release|Any CPU = Release|Any CPU
	EndGlobalSection
	GlobalSection(ProjectConfigurationPlatforms) = postSolution
		{BDD4A516-E93D-4D27-AEDC-ADD44EC27A8F}.Debug|Any CPU.ActiveCfg = Debug|Any CPU
		{BDD4A516-E93D-4D27-AEDC-ADD44EC27A8F}.Debug|Any CPU.Build.0 = Debug|Any CPU
		{BDD4A516-E93D-4D27-AEDC-ADD44EC27A8F}.Release|Any CPU.ActiveCfg = Release|Any CPU
		{BDD4A516-E93D-4D27-AEDC-ADD44EC27A8F}.Release|Any CPU.Build.0 = Release|Any CPU
	EndGlobalSection
	GlobalSection(SolutionProperties) = preSolution
		HideSolutionNode = FALSE
	EndGlobalSection
	GlobalSection(ExtensibilityGlobals) = postSolution
		SolutionGuid = {BB59600E-848F-4E64-88CB-2FA2AED49482}
	EndGlobalSection
EndGlobal
